
Microsoft Visual Studio Solution File, Format Version 12.00
# Visual Studio Version 16
VisualStudioVersion = 16.0.31624.102
MinimumVisualStudioVersion = 10.0.40219.1
Project("{FAE04EC0-301F-11D3-BF4B-00C04F79EFBC}") = "AllMethodsCostums", "AllMethodsCostums\AllMethodsCostums.csproj", "{5169F8CC-4507-4CE9-A3AB-D78548EA9BF8}"
EndProject
Global
	GlobalSection(SolutionConfigurationPlatforms) = preSolution
		Debug|Any CPU = Debug|Any CPU
		Release|Any CPU = Release|Any CPU
	EndGlobalSection
	GlobalSection(ProjectConfigurationPlatforms) = postSolution
		{5169F8CC-4507-4CE9-A3AB-D78548EA9BF8}.Debug|Any CPU.ActiveCfg = Debug|Any CPU
		{5169F8CC-4507-4CE9-A3AB-D78548EA9BF8}.Debug|Any CPU.Build.0 = Debug|Any CPU
		{5169F8CC-4507-4CE9-A3AB-D78548EA9BF8}.Release|Any CPU.ActiveCfg = Release|Any CPU
		{5169F8CC-4507-4CE9-A3AB-D78548EA9BF8}.Release|Any CPU.Build.0 = Release|Any CPU
	EndGlobalSection
	GlobalSection(SolutionProperties) = preSolution
		HideSolutionNode = FALSE
	EndGlobalSection
	GlobalSection(ExtensibilityGlobals) = postSolution
		SolutionGuid = {22D2A19C-E66B-4FDA-ACA2-6B05F7AC4F72}
	EndGlobalSection
EndGlobal
